
Microsoft Visual Studio Solution File, Format Version 12.00
# Visual Studio 15
VisualStudioVersion = 15.0.27428.2015
MinimumVisualStudioVersion = 10.0.40219.1
Project("{FAE04EC0-301F-11D3-BF4B-00C04F79EFBC}") = "CalendarSelectedDate.Android", "CalendarSelectedDate.Android\CalendarSelectedDate.Android.csproj", "{AED37FB6-DBD6-46BD-B117-6B81F1434BB5}"
EndProject
Project("{FAE04EC0-301F-11D3-BF4B-00C04F79EFBC}") = "CalendarSelectedDate.iOS", "CalendarSelectedDate.iOS\CalendarSelectedDate.iOS.csproj", "{87A8B496-EBCF-4127-B929-DB8841F292CC}"
EndProject
Project("{FAE04EC0-301F-11D3-BF4B-00C04F79EFBC}") = "CalendarSelectedDate.UWP", "CalendarSelectedDate.UWP\CalendarSelectedDate.UWP.csproj", "{19B3E478-41FF-4027-A1AB-0864B7EE0B53}"
EndProject
Project("{9A19103F-16F7-4668-BE54-9A1E7A4F7556}") = "CalendarSelectedDate", "CalendarSelectedDate\CalendarSelectedDate.csproj", "{CE3AC902-580E-46D3-9DD1-7D7544CDD488}"
EndProject
Global
	GlobalSection(SolutionConfigurationPlatforms) = preSolution
		Ad-Hoc|Any CPU = Ad-Hoc|Any CPU
		Ad-Hoc|ARM = Ad-Hoc|ARM
		Ad-Hoc|iPhone = Ad-Hoc|iPhone
		Ad-Hoc|iPhoneSimulator = Ad-Hoc|iPhoneSimulator
		Ad-Hoc|x64 = Ad-Hoc|x64
		Ad-Hoc|x86 = Ad-Hoc|x86
		AppStore|Any CPU = AppStore|Any CPU
		AppStore|ARM = AppStore|ARM
		AppStore|iPhone = AppStore|iPhone
		AppStore|iPhoneSimulator = AppStore|iPhoneSimulator
		AppStore|x64 = AppStore|x64
		AppStore|x86 = AppStore|x86
		Debug|Any CPU = Debug|Any CPU
		Debug|ARM = Debug|ARM
		Debug|iPhone = Debug|iPhone
		Debug|iPhoneSimulator = Debug|iPhoneSimulator
		Debug|x64 = Debug|x64
		Debug|x86 = Debug|x86
		Release|Any CPU = Release|Any CPU
		Release|ARM = Release|ARM
		Release|iPhone = Release|iPhone
		Release|iPhoneSimulator = Release|iPhoneSimulator
		Release|x64 = Release|x64
		Release|x86 = Release|x86
	EndGlobalSection
	GlobalSection(ProjectConfigurationPlatforms) = postSolution
		{AED37FB6-DBD6-46BD-B117-6B81F1434BB5}.Ad-Hoc|Any CPU.ActiveCfg = Release|Any CPU
		{AED37FB6-DBD6-46BD-B117-6B81F1434BB5}.Ad-Hoc|Any CPU.Build.0 = Release|Any CPU
		{AED37FB6-DBD6-46BD-B117-6B81F1434BB5}.Ad-Hoc|Any CPU.Deploy.0 = Release|Any CPU
		{AED37FB6-DBD6-46BD-B117-6B81F1434BB5}.Ad-Hoc|ARM.ActiveCfg = Release|Any CPU
		{AED37FB6-DBD6-46BD-B117-6B81F1434BB5}.Ad-Hoc|ARM.Build.0 = Release|Any CPU
		{AED37FB6-DBD6-46BD-B117-6B81F1434BB5}.Ad-Hoc|ARM.Deploy.0 = Release|Any CPU
		{AED37FB6-DBD6-46BD-B117-6B81F1434BB5}.Ad-Hoc|iPhone.ActiveCfg = Release|Any CPU
		{AED37FB6-DBD6-46BD-B117-6B81F1434BB5}.Ad-Hoc|iPhone.Build.0 = Release|Any CPU
		{AED37FB6-DBD6-46BD-B117-6B81F1434BB5}.Ad-Hoc|iPhone.Deploy.0 = Release|Any CPU
		{AED37FB6-DBD6-46BD-B117-6B81F1434BB5}.Ad-Hoc|iPhoneSimulator.ActiveCfg = Release|Any CPU
		{AED37FB6-DBD6-46BD-B117-6B81F1434BB5}.Ad-Hoc|iPhoneSimulator.Build.0 = Release|Any CPU
		{AED37FB6-DBD6-46BD-B117-6B81F1434BB5}.Ad-Hoc|iPhoneSimulator.Deploy.0 = Release|Any CPU
		{AED37FB6-DBD6-46BD-B117-6B81F1434BB5}.Ad-Hoc|x64.ActiveCfg = Release|Any CPU
		{AED37FB6-DBD6-46BD-B117-6B81F1434BB5}.Ad-Hoc|x64.Build.0 = Release|Any CPU
		{AED37FB6-DBD6-46BD-B117-6B81F1434BB5}.Ad-Hoc|x64.Deploy.0 = Release|Any CPU
		{AED37FB6-DBD6-46BD-B117-6B81F1434BB5}.Ad-Hoc|x86.ActiveCfg = Release|Any CPU
		{AED37FB6-DBD6-46BD-B117-6B81F1434BB5}.Ad-Hoc|x86.Build.0 = Release|Any CPU
		{AED37FB6-DBD6-46BD-B117-6B81F1434BB5}.Ad-Hoc|x86.Deploy.0 = Release|Any CPU
		{AED37FB6-DBD6-46BD-B117-6B81F1434BB5}.AppStore|Any CPU.ActiveCfg = Release|Any CPU
		{AED37FB6-DBD6-46BD-B117-6B81F1434BB5}.AppStore|Any CPU.Build.0 = Release|Any CPU
		{AED37FB6-DBD6-46BD-B117-6B81F1434BB5}.AppStore|Any CPU.Deploy.0 = Release|Any CPU
		{AED37FB6-DBD6-46BD-B117-6B81F1434BB5}.AppStore|ARM.ActiveCfg = Release|Any CPU
		{AED37FB6-DBD6-46BD-B117-6B81F1434BB5}.AppStore|ARM.Build.0 = Release|Any CPU
		{AED37FB6-DBD6-46BD-B117-6B81F1434BB5}.AppStore|ARM.Deploy.0 = Release|Any CPU
		{AED37FB6-DBD6-46BD-B117-6B81F1434BB5}.AppStore|iPhone.ActiveCfg = Release|Any CPU
		{AED37FB6-DBD6-46BD-B117-6B81F1434BB5}.AppStore|iPhone.Build.0 = Release|Any CPU
		{AED37FB6-DBD6-46BD-B117-6B81F1434BB5}.AppStore|iPhone.Deploy.0 = Release|Any CPU
		{AED37FB6-DBD6-46BD-B117-6B81F1434BB5}.AppStore|iPhoneSimulator.ActiveCfg = Release|Any CPU
		{AED37FB6-DBD6-46BD-B117-6B81F1434BB5}.AppStore|iPhoneSimulator.Build.0 = Release|Any CPU
		{AED37FB6-DBD6-46BD-B117-6B81F1434BB5}.AppStore|iPhoneSimulator.Deploy.0 = Release|Any CPU
		{AED37FB6-DBD6-46BD-B117-6B81F1434BB5}.AppStore|x64.ActiveCfg = Release|Any CPU
		{AED37FB6-DBD6-46BD-B117-6B81F1434BB5}.AppStore|x64.Build.0 = Release|Any CPU
		{AED37FB6-DBD6-46BD-B117-6B81F1434BB5}.AppStore|x64.Deploy.0 = Release|Any CPU
		{AED37FB6-DBD6-46BD-B117-6B81F1434BB5}.AppStore|x86.ActiveCfg = Release|Any CPU
		{AED37FB6-DBD6-46BD-B117-6B81F1434BB5}.AppStore|x86.Build.0 = Release|Any CPU
		{AED37FB6-DBD6-46BD-B117-6B81F1434BB5}.AppStore|x86.Deploy.0 = Release|Any CPU
		{AED37FB6-DBD6-46BD-B117-6B81F1434BB5}.Debug|Any CPU.ActiveCfg = Debug|Any CPU
		{AED37FB6-DBD6-46BD-B117-6B81F1434BB5}.Debug|Any CPU.Build.0 = Debug|Any CPU
		{AED37FB6-DBD6-46BD-B117-6B81F1434BB5}.Debug|Any CPU.Deploy.0 = Debug|Any CPU
		{AED37FB6-DBD6-46BD-B117-6B81F1434BB5}.Debug|ARM.ActiveCfg = Debug|Any CPU
		{AED37FB6-DBD6-46BD-B117-6B81F1434BB5}.Debug|ARM.Build.0 = Debug|Any CPU
		{AED37FB6-DBD6-46BD-B117-6B81F1434BB5}.Debug|ARM.Deploy.0 = Debug|Any CPU
		{AED37FB6-DBD6-46BD-B117-6B81F1434BB5}.Debug|iPhone.ActiveCfg = Debug|Any CPU
		{AED37FB6-DBD6-46BD-B117-6B81F1434BB5}.Debug|iPhone.Build.0 = Debug|Any CPU
		{AED37FB6-DBD6-46BD-B117-6B81F1434BB5}.Debug|iPhone.Deploy.0 = Debug|Any CPU
		{AED37FB6-DBD6-46BD-B117-6B81F1434BB5}.Debug|iPhoneSimulator.ActiveCfg = Debug|Any CPU
		{AED37FB6-DBD6-46BD-B117-6B81F1434BB5}.Debug|iPhoneSimulator.Build.0 = Debug|Any CPU
		{AED37FB6-DBD6-46BD-B117-6B81F1434BB5}.Debug|iPhoneSimulator.Deploy.0 = Debug|Any CPU
		{AED37FB6-DBD6-46BD-B117-6B81F1434BB5}.Debug|x64.ActiveCfg = Debug|Any CPU
		{AED37FB6-DBD6-46BD-B117-6B81F1434BB5}.Debug|x64.Build.0 = Debug|Any CPU
		{AED37FB6-DBD6-46BD-B117-6B81F1434BB5}.Debug|x64.Deploy.0 = Debug|Any CPU
		{AED37FB6-DBD6-46BD-B117-6B81F1434BB5}.Debug|x86.ActiveCfg = Debug|Any CPU
		{AED37FB6-DBD6-46BD-B117-6B81F1434BB5}.Debug|x86.Build.0 = Debug|Any CPU
		{AED37FB6-DBD6-46BD-B117-6B81F1434BB5}.Debug|x86.Deploy.0 = Debug|Any CPU
		{AED37FB6-DBD6-46BD-B117-6B81F1434BB5}.Release|Any CPU.ActiveCfg = Release|Any CPU
		{AED37FB6-DBD6-46BD-B117-6B81F1434BB5}.Release|Any CPU.Build.0 = Release|Any CPU
		{AED37FB6-DBD6-46BD-B117-6B81F1434BB5}.Release|Any CPU.Deploy.0 = Release|Any CPU
		{AED37FB6-DBD6-46BD-B117-6B81F1434BB5}.Release|ARM.ActiveCfg = Release|Any CPU
		{AED37FB6-DBD6-46BD-B117-6B81F1434BB5}.Release|ARM.Build.0 = Release|Any CPU
		{AED37FB6-DBD6-46BD-B117-6B81F1434BB5}.Release|ARM.Deploy.0 = Release|Any CPU
		{AED37FB6-DBD6-46BD-B117-6B81F1434BB5}.Release|iPhone.ActiveCfg = Release|Any CPU
		{AED37FB6-DBD6-46BD-B117-6B81F1434BB5}.Release|iPhone.Build.0 = Release|Any CPU
		{AED37FB6-DBD6-46BD-B117-6B81F1434BB5}.Release|iPhone.Deploy.0 = Release|Any CPU
		{AED37FB6-DBD6-46BD-B117-6B81F1434BB5}.Release|iPhoneSimulator.ActiveCfg = Release|Any CPU
		{AED37FB6-DBD6-46BD-B117-6B81F1434BB5}.Release|iPhoneSimulator.Build.0 = Release|Any CPU
		{AED37FB6-DBD6-46BD-B117-6B81F1434BB5}.Release|iPhoneSimulator.Deploy.0 = Release|Any CPU
		{AED37FB6-DBD6-46BD-B117-6B81F1434BB5}.Release|x64.ActiveCfg = Release|Any CPU
		{AED37FB6-DBD6-46BD-B117-6B81F1434BB5}.Release|x64.Build.0 = Release|Any CPU
		{AED37FB6-DBD6-46BD-B117-6B81F1434BB5}.Release|x64.Deploy.0 = Release|Any CPU
		{AED37FB6-DBD6-46BD-B117-6B81F1434BB5}.Release|x86.ActiveCfg = Release|Any CPU
		{AED37FB6-DBD6-46BD-B117-6B81F1434BB5}.Release|x86.Build.0 = Release|Any CPU
		{AED37FB6-DBD6-46BD-B117-6B81F1434BB5}.Release|x86.Deploy.0 = Release|Any CPU
		{87A8B496-EBCF-4127-B929-DB8841F292CC}.Ad-Hoc|Any CPU.ActiveCfg = Ad-Hoc|iPhone
		{87A8B496-EBCF-4127-B929-DB8841F292CC}.Ad-Hoc|ARM.ActiveCfg = Ad-Hoc|iPhone
		{87A8B496-EBCF-4127-B929-DB8841F292CC}.Ad-Hoc|iPhone.ActiveCfg = Ad-Hoc|iPhone
		{87A8B496-EBCF-4127-B929-DB8841F292CC}.Ad-Hoc|iPhone.Build.0 = Ad-Hoc|iPhone
		{87A8B496-EBCF-4127-B929-DB8841F292CC}.Ad-Hoc|iPhoneSimulator.ActiveCfg = Ad-Hoc|iPhoneSimulator
		{87A8B496-EBCF-4127-B929-DB8841F292CC}.Ad-Hoc|iPhoneSimulator.Build.0 = Ad-Hoc|iPhoneSimulator
		{87A8B496-EBCF-4127-B929-DB8841F292CC}.Ad-Hoc|x64.ActiveCfg = Ad-Hoc|iPhone
		{87A8B496-EBCF-4127-B929-DB8841F292CC}.Ad-Hoc|x86.ActiveCfg = Ad-Hoc|iPhone
		{87A8B496-EBCF-4127-B929-DB8841F292CC}.AppStore|Any CPU.ActiveCfg = AppStore|iPhone
		{87A8B496-EBCF-4127-B929-DB8841F292CC}.AppStore|ARM.ActiveCfg = AppStore|iPhone
		{87A8B496-EBCF-4127-B929-DB8841F292CC}.AppStore|iPhone.ActiveCfg = AppStore|iPhone
		{87A8B496-EBCF-4127-B929-DB8841F292CC}.AppStore|iPhone.Build.0 = AppStore|iPhone
		{87A8B496-EBCF-4127-B929-DB8841F292CC}.AppStore|iPhoneSimulator.ActiveCfg = AppStore|iPhoneSimulator
		{87A8B496-EBCF-4127-B929-DB8841F292CC}.AppStore|iPhoneSimulator.Build.0 = AppStore|iPhoneSimulator
		{87A8B496-EBCF-4127-B929-DB8841F292CC}.AppStore|x64.ActiveCfg = AppStore|iPhone
		{87A8B496-EBCF-4127-B929-DB8841F292CC}.AppStore|x86.ActiveCfg = AppStore|iPhone
		{87A8B496-EBCF-4127-B929-DB8841F292CC}.Debug|Any CPU.ActiveCfg = Debug|iPhone
		{87A8B496-EBCF-4127-B929-DB8841F292CC}.Debug|ARM.ActiveCfg = Debug|iPhone
		{87A8B496-EBCF-4127-B929-DB8841F292CC}.Debug|iPhone.ActiveCfg = Debug|iPhone
		{87A8B496-EBCF-4127-B929-DB8841F292CC}.Debug|iPhone.Build.0 = Debug|iPhone
		{87A8B496-EBCF-4127-B929-DB8841F292CC}.Debug|iPhoneSimulator.ActiveCfg = Debug|iPhoneSimulator
		{87A8B496-EBCF-4127-B929-DB8841F292CC}.Debug|iPhoneSimulator.Build.0 = Debug|iPhoneSimulator
		{87A8B496-EBCF-4127-B929-DB8841F292CC}.Debug|x64.ActiveCfg = Debug|iPhone
		{87A8B496-EBCF-4127-B929-DB8841F292CC}.Debug|x86.ActiveCfg = Debug|iPhone
		{87A8B496-EBCF-4127-B929-DB8841F292CC}.Release|Any CPU.ActiveCfg = Release|iPhone
		{87A8B496-EBCF-4127-B929-DB8841F292CC}.Release|ARM.ActiveCfg = Release|iPhone
		{87A8B496-EBCF-4127-B929-DB8841F292CC}.Release|iPhone.ActiveCfg = Release|iPhone
		{87A8B496-EBCF-4127-B929-DB8841F292CC}.Release|iPhone.Build.0 = Release|iPhone
		{87A8B496-EBCF-4127-B929-DB8841F292CC}.Release|iPhoneSimulator.ActiveCfg = Release|iPhoneSimulator
		{87A8B496-EBCF-4127-B929-DB8841F292CC}.Release|iPhoneSimulator.Build.0 = Release|iPhoneSimulator
		{87A8B496-EBCF-4127-B929-DB8841F292CC}.Release|x64.ActiveCfg = Release|iPhone
		{87A8B496-EBCF-4127-B929-DB8841F292CC}.Release|x86.ActiveCfg = Release|iPhone
		{19B3E478-41FF-4027-A1AB-0864B7EE0B53}.Ad-Hoc|Any CPU.ActiveCfg = Release|x86
		{19B3E478-41FF-4027-A1AB-0864B7EE0B53}.Ad-Hoc|Any CPU.Build.0 = Release|x86
		{19B3E478-41FF-4027-A1AB-0864B7EE0B53}.Ad-Hoc|Any CPU.Deploy.0 = Release|x86
		{19B3E478-41FF-4027-A1AB-0864B7EE0B53}.Ad-Hoc|ARM.ActiveCfg = Release|ARM
		{19B3E478-41FF-4027-A1AB-0864B7EE0B53}.Ad-Hoc|ARM.Build.0 = Release|ARM
		{19B3E478-41FF-4027-A1AB-0864B7EE0B53}.Ad-Hoc|ARM.Deploy.0 = Release|ARM
		{19B3E478-41FF-4027-A1AB-0864B7EE0B53}.Ad-Hoc|iPhone.ActiveCfg = Release|x86
		{19B3E478-41FF-4027-A1AB-0864B7EE0B53}.Ad-Hoc|iPhone.Build.0 = Release|x86
		{19B3E478-41FF-4027-A1AB-0864B7EE0B53}.Ad-Hoc|iPhone.Deploy.0 = Release|x86
		{19B3E478-41FF-4027-A1AB-0864B7EE0B53}.Ad-Hoc|iPhoneSimulator.ActiveCfg = Release|x86
		{19B3E478-41FF-4027-A1AB-0864B7EE0B53}.Ad-Hoc|iPhoneSimulator.Build.0 = Release|x86
		{19B3E478-41FF-4027-A1AB-0864B7EE0B53}.Ad-Hoc|iPhoneSimulator.Deploy.0 = Release|x86
		{19B3E478-41FF-4027-A1AB-0864B7EE0B53}.Ad-Hoc|x64.ActiveCfg = Release|x64
		{19B3E478-41FF-4027-A1AB-0864B7EE0B53}.Ad-Hoc|x64.Build.0 = Release|x64
		{19B3E478-41FF-4027-A1AB-0864B7EE0B53}.Ad-Hoc|x64.Deploy.0 = Release|x64
		{19B3E478-41FF-4027-A1AB-0864B7EE0B53}.Ad-Hoc|x86.ActiveCfg = Release|x86
		{19B3E478-41FF-4027-A1AB-0864B7EE0B53}.Ad-Hoc|x86.Build.0 = Release|x86
		{19B3E478-41FF-4027-A1AB-0864B7EE0B53}.Ad-Hoc|x86.Deploy.0 = Release|x86
		{19B3E478-41FF-4027-A1AB-0864B7EE0B53}.AppStore|Any CPU.ActiveCfg = Release|x86
		{19B3E478-41FF-4027-A1AB-0864B7EE0B53}.AppStore|Any CPU.Build.0 = Release|x86
		{19B3E478-41FF-4027-A1AB-0864B7EE0B53}.AppStore|Any CPU.Deploy.0 = Release|x86
		{19B3E478-41FF-4027-A1AB-0864B7EE0B53}.AppStore|ARM.ActiveCfg = Release|ARM
		{19B3E478-41FF-4027-A1AB-0864B7EE0B53}.AppStore|ARM.Build.0 = Release|ARM
		{19B3E478-41FF-4027-A1AB-0864B7EE0B53}.AppStore|ARM.Deploy.0 = Release|ARM
		{19B3E478-41FF-4027-A1AB-0864B7EE0B53}.AppStore|iPhone.ActiveCfg = Release|x86
		{19B3E478-41FF-4027-A1AB-0864B7EE0B53}.AppStore|iPhone.Build.0 = Release|x86
		{19B3E478-41FF-4027-A1AB-0864B7EE0B53}.AppStore|iPhone.Deploy.0 = Release|x86
		{19B3E478-41FF-4027-A1AB-0864B7EE0B53}.AppStore|iPhoneSimulator.ActiveCfg = Release|x86
		{19B3E478-41FF-4027-A1AB-0864B7EE0B53}.AppStore|iPhoneSimulator.Build.0 = Release|x86
		{19B3E478-41FF-4027-A1AB-0864B7EE0B53}.AppStore|iPhoneSimulator.Deploy.0 = Release|x86
		{19B3E478-41FF-4027-A1AB-0864B7EE0B53}.AppStore|x64.ActiveCfg = Release|x64
		{19B3E478-41FF-4027-A1AB-0864B7EE0B53}.AppStore|x64.Build.0 = Release|x64
		{19B3E478-41FF-4027-A1AB-0864B7EE0B53}.AppStore|x64.Deploy.0 = Release|x64
		{19B3E478-41FF-4027-A1AB-0864B7EE0B53}.AppStore|x86.ActiveCfg = Release|x86
		{19B3E478-41FF-4027-A1AB-0864B7EE0B53}.AppStore|x86.Build.0 = Release|x86
		{19B3E478-41FF-4027-A1AB-0864B7EE0B53}.AppStore|x86.Deploy.0 = Release|x86
		{19B3E478-41FF-4027-A1AB-0864B7EE0B53}.Debug|Any CPU.ActiveCfg = Debug|x86
		{19B3E478-41FF-4027-A1AB-0864B7EE0B53}.Debug|ARM.ActiveCfg = Debug|ARM
		{19B3E478-41FF-4027-A1AB-0864B7EE0B53}.Debug|ARM.Build.0 = Debug|ARM
		{19B3E478-41FF-4027-A1AB-0864B7EE0B53}.Debug|ARM.Deploy.0 = Debug|ARM
		{19B3E478-41FF-4027-A1AB-0864B7EE0B53}.Debug|iPhone.ActiveCfg = Debug|x86
		{19B3E478-41FF-4027-A1AB-0864B7EE0B53}.Debug|iPhoneSimulator.ActiveCfg = Debug|x86
		{19B3E478-41FF-4027-A1AB-0864B7EE0B53}.Debug|x64.ActiveCfg = Debug|x64
		{19B3E478-41FF-4027-A1AB-0864B7EE0B53}.Debug|x64.Build.0 = Debug|x64
		{19B3E478-41FF-4027-A1AB-0864B7EE0B53}.Debug|x64.Deploy.0 = Debug|x64
		{19B3E478-41FF-4027-A1AB-0864B7EE0B53}.Debug|x86.ActiveCfg = Debug|x86
		{19B3E478-41FF-4027-A1AB-0864B7EE0B53}.Debug|x86.Build.0 = Debug|x86
		{19B3E478-41FF-4027-A1AB-0864B7EE0B53}.Debug|x86.Deploy.0 = Debug|x86
		{19B3E478-41FF-4027-A1AB-0864B7EE0B53}.Release|Any CPU.ActiveCfg = Release|x86
		{19B3E478-41FF-4027-A1AB-0864B7EE0B53}.Release|ARM.ActiveCfg = Release|ARM
		{19B3E478-41FF-4027-A1AB-0864B7EE0B53}.Release|ARM.Build.0 = Release|ARM
		{19B3E478-41FF-4027-A1AB-0864B7EE0B53}.Release|ARM.Deploy.0 = Release|ARM
		{19B3E478-41FF-4027-A1AB-0864B7EE0B53}.Release|iPhone.ActiveCfg = Release|x86
		{19B3E478-41FF-4027-A1AB-0864B7EE0B53}.Release|iPhoneSimulator.ActiveCfg = Release|x86
		{19B3E478-41FF-4027-A1AB-0864B7EE0B53}.Release|x64.ActiveCfg = Release|x64
		{19B3E478-41FF-4027-A1AB-0864B7EE0B53}.Release|x64.Build.0 = Release|x64
		{19B3E478-41FF-4027-A1AB-0864B7EE0B53}.Release|x64.Deploy.0 = Release|x64
		{19B3E478-41FF-4027-A1AB-0864B7EE0B53}.Release|x86.ActiveCfg = Release|x86
		{19B3E478-41FF-4027-A1AB-0864B7EE0B53}.Release|x86.Build.0 = Release|x86
		{19B3E478-41FF-4027-A1AB-0864B7EE0B53}.Release|x86.Deploy.0 = Release|x86
		{CE3AC902-580E-46D3-9DD1-7D7544CDD488}.Ad-Hoc|Any CPU.ActiveCfg = Debug|Any CPU
		{CE3AC902-580E-46D3-9DD1-7D7544CDD488}.Ad-Hoc|Any CPU.Build.0 = Debug|Any CPU
		{CE3AC902-580E-46D3-9DD1-7D7544CDD488}.Ad-Hoc|ARM.ActiveCfg = Debug|Any CPU
		{CE3AC902-580E-46D3-9DD1-7D7544CDD488}.Ad-Hoc|ARM.Build.0 = Debug|Any CPU
		{CE3AC902-580E-46D3-9DD1-7D7544CDD488}.Ad-Hoc|iPhone.ActiveCfg = Debug|Any CPU
		{CE3AC902-580E-46D3-9DD1-7D7544CDD488}.Ad-Hoc|iPhone.Build.0 = Debug|Any CPU
		{CE3AC902-580E-46D3-9DD1-7D7544CDD488}.Ad-Hoc|iPhoneSimulator.ActiveCfg = Debug|Any CPU
		{CE3AC902-580E-46D3-9DD1-7D7544CDD488}.Ad-Hoc|iPhoneSimulator.Build.0 = Debug|Any CPU
		{CE3AC902-580E-46D3-9DD1-7D7544CDD488}.Ad-Hoc|x64.ActiveCfg = Debug|Any CPU
		{CE3AC902-580E-46D3-9DD1-7D7544CDD488}.Ad-Hoc|x64.Build.0 = Debug|Any CPU
		{CE3AC902-580E-46D3-9DD1-7D7544CDD488}.Ad-Hoc|x86.ActiveCfg = Debug|Any CPU
		{CE3AC902-580E-46D3-9DD1-7D7544CDD488}.Ad-Hoc|x86.Build.0 = Debug|Any CPU
		{CE3AC902-580E-46D3-9DD1-7D7544CDD488}.AppStore|Any CPU.ActiveCfg = Debug|Any CPU
		{CE3AC902-580E-46D3-9DD1-7D7544CDD488}.AppStore|Any CPU.Build.0 = Debug|Any CPU
		{CE3AC902-580E-46D3-9DD1-7D7544CDD488}.AppStore|ARM.ActiveCfg = Debug|Any CPU
		{CE3AC902-580E-46D3-9DD1-7D7544CDD488}.AppStore|ARM.Build.0 = Debug|Any CPU
		{CE3AC902-580E-46D3-9DD1-7D7544CDD488}.AppStore|iPhone.ActiveCfg = Debug|Any CPU
		{CE3AC902-580E-46D3-9DD1-7D7544CDD488}.AppStore|iPhone.Build.0 = Debug|Any CPU
		{CE3AC902-580E-46D3-9DD1-7D7544CDD488}.AppStore|iPhoneSimulator.ActiveCfg = Debug|Any CPU
		{CE3AC902-580E-46D3-9DD1-7D7544CDD488}.AppStore|iPhoneSimulator.Build.0 = Debug|Any CPU
		{CE3AC902-580E-46D3-9DD1-7D7544CDD488}.AppStore|x64.ActiveCfg = Debug|Any CPU
		{CE3AC902-580E-46D3-9DD1-7D7544CDD488}.AppStore|x64.Build.0 = Debug|Any CPU
		{CE3AC902-580E-46D3-9DD1-7D7544CDD488}.AppStore|x86.ActiveCfg = Debug|Any CPU
		{CE3AC902-580E-46D3-9DD1-7D7544CDD488}.AppStore|x86.Build.0 = Debug|Any CPU
		{CE3AC902-580E-46D3-9DD1-7D7544CDD488}.Debug|Any CPU.ActiveCfg = Debug|Any CPU
		{CE3AC902-580E-46D3-9DD1-7D7544CDD488}.Debug|Any CPU.Build.0 = Debug|Any CPU
		{CE3AC902-580E-46D3-9DD1-7D7544CDD488}.Debug|ARM.ActiveCfg = Debug|Any CPU
		{CE3AC902-580E-46D3-9DD1-7D7544CDD488}.Debug|ARM.Build.0 = Debug|Any CPU
		{CE3AC902-580E-46D3-9DD1-7D7544CDD488}.Debug|iPhone.ActiveCfg = Debug|Any CPU
		{CE3AC902-580E-46D3-9DD1-7D7544CDD488}.Debug|iPhone.Build.0 = Debug|Any CPU
		{CE3AC902-580E-46D3-9DD1-7D7544CDD488}.Debug|iPhoneSimulator.ActiveCfg = Debug|Any CPU
		{CE3AC902-580E-46D3-9DD1-7D7544CDD488}.Debug|iPhoneSimulator.Build.0 = Debug|Any CPU
		{CE3AC902-580E-46D3-9DD1-7D7544CDD488}.Debug|x64.ActiveCfg = Debug|Any CPU
		{CE3AC902-580E-46D3-9DD1-7D7544CDD488}.Debug|x64.Build.0 = Debug|Any CPU
		{CE3AC902-580E-46D3-9DD1-7D7544CDD488}.Debug|x86.ActiveCfg = Debug|Any CPU
		{CE3AC902-580E-46D3-9DD1-7D7544CDD488}.Debug|x86.Build.0 = Debug|Any CPU
		{CE3AC902-580E-46D3-9DD1-7D7544CDD488}.Release|Any CPU.ActiveCfg = Release|Any CPU
		{CE3AC902-580E-46D3-9DD1-7D7544CDD488}.Release|Any CPU.Build.0 = Release|Any CPU
		{CE3AC902-580E-46D3-9DD1-7D7544CDD488}.Release|ARM.ActiveCfg = Release|Any CPU
		{CE3AC902-580E-46D3-9DD1-7D7544CDD488}.Release|ARM.Build.0 = Release|Any CPU
		{CE3AC902-580E-46D3-9DD1-7D7544CDD488}.Release|iPhone.ActiveCfg = Release|Any CPU
		{CE3AC902-580E-46D3-9DD1-7D7544CDD488}.Release|iPhone.Build.0 = Release|Any CPU
		{CE3AC902-580E-46D3-9DD1-7D7544CDD488}.Release|iPhoneSimulator.ActiveCfg = Release|Any CPU
		{CE3AC902-580E-46D3-9DD1-7D7544CDD488}.Release|iPhoneSimulator.Build.0 = Release|Any CPU
		{CE3AC902-580E-46D3-9DD1-7D7544CDD488}.Release|x64.ActiveCfg = Release|Any CPU
		{CE3AC902-580E-46D3-9DD1-7D7544CDD488}.Release|x64.Build.0 = Release|Any CPU
		{CE3AC902-580E-46D3-9DD1-7D7544CDD488}.Release|x86.ActiveCfg = Release|Any CPU
		{CE3AC902-580E-46D3-9DD1-7D7544CDD488}.Release|x86.Build.0 = Release|Any CPU
	EndGlobalSection
	GlobalSection(SolutionProperties) = preSolution
		HideSolutionNode = FALSE
	EndGlobalSection
	GlobalSection(ExtensibilityGlobals) = postSolution
		SolutionGuid = {B56AB74C-6B07-4987-B141-48D8227C529A}
	EndGlobalSection
EndGlobal
